
Microsoft Visual Studio Solution File, Format Version 12.00
# Visual Studio Version 17
VisualStudioVersion = 17.13.35931.197
MinimumVisualStudioVersion = 10.0.40219.1
Project("{8BC9CEB8-8B4A-11D0-8D11-00A0C91BC942}") = "DSM Exec", "DSM Exec\DSM Exec.vcxproj", "{64DB1C7E-DEB8-4540-800C-CAB653A2AA1C}"
EndProject
Project("{8BC9CEB8-8B4A-11D0-8D11-00A0C91BC942}") = "DSM Decrypt", "DSM Decrypt\DSM Decrypt.vcxproj", "{35AFBD93-E2DF-453D-B665-35764AB8C8DD}"
EndProject
Project("{8BC9CEB8-8B4A-11D0-8D11-00A0C91BC942}") = "DSM MSI", "DSM MSI\DSM MSI.vcxproj", "{96A39DA2-A1CC-4686-AD74-2903094967F1}"
EndProject
Project("{FAE04EC0-301F-11D3-BF4B-00C04F79EFBC}") = "TOCTOU SMB Server", "TOCTOU SMB Server\TOCTOU SMB Server.csproj", "{BF0BFE03-1F39-9055-AA8F-233F12B16967}"
EndProject
Global
	GlobalSection(SolutionConfigurationPlatforms) = preSolution
		Debug|Any CPU = Debug|Any CPU
		Debug|x64 = Debug|x64
		Debug|x86 = Debug|x86
		Release|Any CPU = Release|Any CPU
		Release|x64 = Release|x64
		Release|x86 = Release|x86
	EndGlobalSection
	GlobalSection(ProjectConfigurationPlatforms) = postSolution
		{64DB1C7E-DEB8-4540-800C-CAB653A2AA1C}.Debug|Any CPU.ActiveCfg = Debug|x64
		{64DB1C7E-DEB8-4540-800C-CAB653A2AA1C}.Debug|Any CPU.Build.0 = Debug|x64
		{64DB1C7E-DEB8-4540-800C-CAB653A2AA1C}.Debug|x64.ActiveCfg = Debug|x64
		{64DB1C7E-DEB8-4540-800C-CAB653A2AA1C}.Debug|x64.Build.0 = Debug|x64
		{64DB1C7E-DEB8-4540-800C-CAB653A2AA1C}.Debug|x86.ActiveCfg = Debug|Win32
		{64DB1C7E-DEB8-4540-800C-CAB653A2AA1C}.Debug|x86.Build.0 = Debug|Win32
		{64DB1C7E-DEB8-4540-800C-CAB653A2AA1C}.Release|Any CPU.ActiveCfg = Release|x64
		{64DB1C7E-DEB8-4540-800C-CAB653A2AA1C}.Release|Any CPU.Build.0 = Release|x64
		{64DB1C7E-DEB8-4540-800C-CAB653A2AA1C}.Release|x64.ActiveCfg = Release|x64
		{64DB1C7E-DEB8-4540-800C-CAB653A2AA1C}.Release|x64.Build.0 = Release|x64
		{64DB1C7E-DEB8-4540-800C-CAB653A2AA1C}.Release|x86.ActiveCfg = Release|Win32
		{64DB1C7E-DEB8-4540-800C-CAB653A2AA1C}.Release|x86.Build.0 = Release|Win32
		{35AFBD93-E2DF-453D-B665-35764AB8C8DD}.Debug|Any CPU.ActiveCfg = Debug|x64
		{35AFBD93-E2DF-453D-B665-35764AB8C8DD}.Debug|Any CPU.Build.0 = Debug|x64
		{35AFBD93-E2DF-453D-B665-35764AB8C8DD}.Debug|x64.ActiveCfg = Debug|x64
		{35AFBD93-E2DF-453D-B665-35764AB8C8DD}.Debug|x64.Build.0 = Debug|x64
		{35AFBD93-E2DF-453D-B665-35764AB8C8DD}.Debug|x86.ActiveCfg = Debug|Win32
		{35AFBD93-E2DF-453D-B665-35764AB8C8DD}.Debug|x86.Build.0 = Debug|Win32
		{35AFBD93-E2DF-453D-B665-35764AB8C8DD}.Release|Any CPU.ActiveCfg = Release|x64
		{35AFBD93-E2DF-453D-B665-35764AB8C8DD}.Release|Any CPU.Build.0 = Release|x64
		{35AFBD93-E2DF-453D-B665-35764AB8C8DD}.Release|x64.ActiveCfg = Release|x64
		{35AFBD93-E2DF-453D-B665-35764AB8C8DD}.Release|x64.Build.0 = Release|x64
		{35AFBD93-E2DF-453D-B665-35764AB8C8DD}.Release|x86.ActiveCfg = Release|Win32
		{35AFBD93-E2DF-453D-B665-35764AB8C8DD}.Release|x86.Build.0 = Release|Win32
		{96A39DA2-A1CC-4686-AD74-2903094967F1}.Debug|Any CPU.ActiveCfg = Debug|x64
		{96A39DA2-A1CC-4686-AD74-2903094967F1}.Debug|Any CPU.Build.0 = Debug|x64
		{96A39DA2-A1CC-4686-AD74-2903094967F1}.Debug|x64.ActiveCfg = Debug|x64
		{96A39DA2-A1CC-4686-AD74-2903094967F1}.Debug|x64.Build.0 = Debug|x64
		{96A39DA2-A1CC-4686-AD74-2903094967F1}.Debug|x86.ActiveCfg = Debug|Win32
		{96A39DA2-A1CC-4686-AD74-2903094967F1}.Debug|x86.Build.0 = Debug|Win32
		{96A39DA2-A1CC-4686-AD74-2903094967F1}.Release|Any CPU.ActiveCfg = Release|x64
		{96A39DA2-A1CC-4686-AD74-2903094967F1}.Release|Any CPU.Build.0 = Release|x64
		{96A39DA2-A1CC-4686-AD74-2903094967F1}.Release|x64.ActiveCfg = Release|x64
		{96A39DA2-A1CC-4686-AD74-2903094967F1}.Release|x64.Build.0 = Release|x64
		{96A39DA2-A1CC-4686-AD74-2903094967F1}.Release|x86.ActiveCfg = Release|Win32
		{96A39DA2-A1CC-4686-AD74-2903094967F1}.Release|x86.Build.0 = Release|Win32
		{BF0BFE03-1F39-9055-AA8F-233F12B16967}.Debug|Any CPU.ActiveCfg = Debug|Any CPU
		{BF0BFE03-1F39-9055-AA8F-233F12B16967}.Debug|Any CPU.Build.0 = Debug|Any CPU
		{BF0BFE03-1F39-9055-AA8F-233F12B16967}.Debug|x64.ActiveCfg = Debug|Any CPU
		{BF0BFE03-1F39-9055-AA8F-233F12B16967}.Debug|x64.Build.0 = Debug|Any CPU
		{BF0BFE03-1F39-9055-AA8F-233F12B16967}.Debug|x86.ActiveCfg = Debug|Any CPU
		{BF0BFE03-1F39-9055-AA8F-233F12B16967}.Debug|x86.Build.0 = Debug|Any CPU
		{BF0BFE03-1F39-9055-AA8F-233F12B16967}.Release|Any CPU.ActiveCfg = Release|Any CPU
		{BF0BFE03-1F39-9055-AA8F-233F12B16967}.Release|Any CPU.Build.0 = Release|Any CPU
		{BF0BFE03-1F39-9055-AA8F-233F12B16967}.Release|x64.ActiveCfg = Release|Any CPU
		{BF0BFE03-1F39-9055-AA8F-233F12B16967}.Release|x64.Build.0 = Release|Any CPU
		{BF0BFE03-1F39-9055-AA8F-233F12B16967}.Release|x86.ActiveCfg = Release|Any CPU
		{BF0BFE03-1F39-9055-AA8F-233F12B16967}.Release|x86.Build.0 = Release|Any CPU
	EndGlobalSection
	GlobalSection(SolutionProperties) = preSolution
		HideSolutionNode = FALSE
	EndGlobalSection
	GlobalSection(ExtensibilityGlobals) = postSolution
		SolutionGuid = {6EF6EA82-34F7-439A-91EE-9CA3F992C226}
	EndGlobalSection
EndGlobal
